<?xml version="1.0" encoding="utf-8"?>
<Project ToolsVersion="4.0" xmlns="http://schemas.microsoft.com/developer/msbuild/2003">
  <ItemGroup>
    <Filter Include="Source Files">
      <UniqueIdentifier>{4FC737F1-C7A5-4376-A066-2A32D752A2FF}</UniqueIdentifier>
      <Extensions>cpp;c;cc;cxx;def;odl;idl;hpj;bat;asm;asmx</Extensions>
    </Filter>
    <Filter Include="Header Files">
      <UniqueIdentifier>{93995380-89BD-4b04-88EB-625FBE52EBFB}</UniqueIdentifier>
      <Extensions>h;hh;hpp;hxx;hm;inl;inc;xsd</Extensions>
    </Filter>
    <Filter Include="Resource Files">
      <UniqueIdentifier>{67DA6AB6-F800-4c08-8B7A-83BB121AAD01}</UniqueIdentifier>
      <Extensions>rc;ico;cur;bmp;dlg;rc2;rct;bin;rgs;gif;jpg;jpeg;jpe;resx;tiff;tif;png;wav;mfcribbon-ms</Extensions>
    </Filter>
    <Filter Include="JSON files">
      <UniqueIdentifier>{4569241b-f6dd-4345-9e53-5492b078468a}</UniqueIdentifier>
    </Filter>
    <Filter Include="Source Files\block">
      <UniqueIdentifier>{c93da520-01f2-482c-ab6a-70cfa392d72f}</UniqueIdentifier>
    </Filter>
    <Filter Include="Header Files\block">
      <UniqueIdentifier>{054ada7f-a0b9-4ad9-ab97-ebbb9501df43}</UniqueIdentifier>
    </Filter>
    <Filter Include="Header Files\texture">
      <UniqueIdentifier>{8fe0e59a-0d0a-4113-bc4e-ceb820b00e54}</UniqueIdentifier>
    </Filter>
    <Filter Include="Source Files\texture">
      <UniqueIdentifier>{7b8eab46-75de-42e4-b67d-563b6355190a}</UniqueIdentifier>
    </Filter>
    <Filter Include="Test Files">
      <UniqueIdentifier>{d7311059-cabe-4d43-8609-9f12c893d24b}</UniqueIdentifier>
    </Filter>
    <Filter Include="Test Files\block">
      <UniqueIdentifier>{6439a23c-ff15-4763-b650-83fc24992ca6}</UniqueIdentifier>
    </Filter>
  </ItemGroup>
  <ItemGroup>
    <ClCompile Include="src\main.cpp">
      <Filter>Source Files</Filter>
    </ClCompile>
    <ClCompile Include="src\block\block.cpp">
      <Filter>Source Files\block</Filter>
    </ClCompile>
  </ItemGroup>
  <ItemGroup>
    <None Include="data\blocks\definitions\grass.json">
      <Filter>JSON files</Filter>
    </None>
  </ItemGroup>
  <ItemGroup>
    <ClInclude Include="src\block\block.hpp">
      <Filter>Header Files\block</Filter>
    </ClInclude>
  </ItemGroup>
</Project>